// !$*UTF8*$!
{
	archiveVersion = 1;
	classes = {
	};
	objectVersion = 52;
	objects = {

/* Begin PBXBuildFile section */
		68AE1E882AF02F5B009AE210 /* AppDelegate.swift in Sources */ = {isa = PBXBuildFile; fileRef = 68AE1E872AF02F5B009AE210 /* AppDelegate.swift */; };
		68AE1E8A2AF02F5B009AE210 /* SceneDelegate.swift in Sources */ = {isa = PBXBuildFile; fileRef = 68AE1E892AF02F5B009AE210 /* SceneDelegate.swift */; };
		68AE1E8C2AF02F5B009AE210 /* ViewController.swift in Sources */ = {isa = PBXBuildFile; fileRef = 68AE1E8B2AF02F5B009AE210 /* ViewController.swift */; };
		68AE1E8F2AF02F5B009AE210 /* Main.storyboard in Resources */ = {isa = PBXBuildFile; fileRef = 68AE1E8D2AF02F5B009AE210 /* Main.storyboard */; };
		68AE1E912AF02F5D009AE210 /* Assets.xcassets in Resources */ = {isa = PBXBuildFile; fileRef = 68AE1E902AF02F5D009AE210 /* Assets.xcassets */; };
		68AE1E942AF02F5D009AE210 /* LaunchScreen.storyboard in Resources */ = {isa = PBXBuildFile; fileRef = 68AE1E922AF02F5D009AE210 /* LaunchScreen.storyboard */; };
		68AE1E9F2AF02F5D009AE210 /* FirebaseOneTests.swift in Sources */ = {isa = PBXBuildFile; fileRef = 68AE1E9E2AF02F5D009AE210 /* FirebaseOneTests.swift */; };
		68AE1EAA2AF02F5E009AE210 /* FirebaseOneUITests.swift in Sources */ = {isa = PBXBuildFile; fileRef = 68AE1EA92AF02F5E009AE210 /* FirebaseOneUITests.swift */; };
		68AE1EBC2AF031B5009AE210 /* FirebaseAuth in Frameworks */ = {isa = PBXBuildFile; productRef = 68AE1EBB2AF031B5009AE210 /* FirebaseAuth */; };
		68AE1EBE2AF031B5009AE210 /* FirebaseDatabase in Frameworks */ = {isa = PBXBuildFile; productRef = 68AE1EBD2AF031B5009AE210 /* FirebaseDatabase */; };
		68AE1EC32AF0323D009AE210 /* GoogleService-Info.plist in Resources */ = {isa = PBXBuildFile; fileRef = 68AE1EC22AF0323D009AE210 /* GoogleService-Info.plist */; };
/* End PBXBuildFile section */

/* Begin PBXContainerItemProxy section */
		68AE1E9B2AF02F5D009AE210 /* PBXContainerItemProxy */ = {
			isa = PBXContainerItemProxy;
			containerPortal = 68AE1E7C2AF02F5B009AE210 /* Project object */;
			proxyType = 1;
			remoteGlobalIDString = 68AE1E832AF02F5B009AE210;
			remoteInfo = FirebaseOne;
		};
		68AE1EA62AF02F5D009AE210 /* PBXContainerItemProxy */ = {
			isa = PBXContainerItemProxy;
			containerPortal = 68AE1E7C2AF02F5B009AE210 /* Project object */;
			proxyType = 1;
			remoteGlobalIDString = 68AE1E832AF02F5B009AE210;
			remoteInfo = FirebaseOne;
		};
/* End PBXContainerItemProxy section */

/* Begin PBXFileReference section */
		68AE1E842AF02F5B009AE210 /* FirebaseOne.app */ = {isa = PBXFileReference; explicitFileType = wrapper.application; includeInIndex = 0; path = FirebaseOne.app; sourceTree = BUILT_PRODUCTS_DIR; };
		68AE1E872AF02F5B009AE210 /* AppDelegate.swift */ = {isa = PBXFileReference; lastKnownFileType = sourcecode.swift; path = AppDelegate.swift; sourceTree = "<group>"; };
		68AE1E892AF02F5B009AE210 /* SceneDelegate.swift */ = {isa = PBXFileReference; lastKnownFileType = sourcecode.swift; path = SceneDelegate.swift; sourceTree = "<group>"; };
		68AE1E8B2AF02F5B009AE210 /* ViewController.swift */ = {isa = PBXFileReference; lastKnownFileType = sourcecode.swift; path = ViewController.swift; sourceTree = "<group>"; };
		68AE1E8E2AF02F5B009AE210 /* Base */ = {isa = PBXFileReference; lastKnownFileType = file.storyboard; name = Base; path = Base.lproj/Main.storyboard; sourceTree = "<group>"; };
		68AE1E902AF02F5D009AE210 /* Assets.xcassets */ = {isa = PBXFileReference; lastKnownFileType = folder.assetcatalog; path = Assets.xcassets; sourceTree = "<group>"; };
		68AE1E932AF02F5D009AE210 /* Base */ = {isa = PBXFileReference; lastKnownFileType = file.storyboard; name = Base; path = Base.lproj/LaunchScreen.storyboard; sourceTree = "<group>"; };
		68AE1E952AF02F5D009AE210 /* Info.plist */ = {isa = PBXFileReference; lastKnownFileType = text.plist.xml; path = Info.plist; sourceTree = "<group>"; };
		68AE1E9A2AF02F5D009AE210 /* FirebaseOneTests.xctest */ = {isa = PBXFileReference; explicitFileType = wrapper.cfbundle; includeInIndex = 0; path = FirebaseOneTests.xctest; sourceTree = BUILT_PRODUCTS_DIR; };
		68AE1E9E2AF02F5D009AE210 /* FirebaseOneTests.swift */ = {isa = PBXFileReference; lastKnownFileType = sourcecode.swift; path = FirebaseOneTests.swift; sourceTree = "<group>"; };
		68AE1EA02AF02F5D009AE210 /* Info.plist */ = {isa = PBXFileReference; lastKnownFileType = text.plist.xml; path = Info.plist; sourceTree = "<group>"; };
		68AE1EA52AF02F5D009AE210 /* FirebaseOneUITests.xctest */ = {isa = PBXFileReference; explicitFileType = wrapper.cfbundle; includeInIndex = 0; path = FirebaseOneUITests.xctest; sourceTree = BUILT_PRODUCTS_DIR; };
		68AE1EA92AF02F5E009AE210 /* FirebaseOneUITests.swift */ = {isa = PBXFileReference; lastKnownFileType = sourcecode.swift; path = FirebaseOneUITests.swift; sourceTree = "<group>"; };
		68AE1EAB2AF02F5E009AE210 /* Info.plist */ = {isa = PBXFileReference; lastKnownFileType = text.plist.xml; path = Info.plist; sourceTree = "<group>"; };
		68AE1EC22AF0323D009AE210 /* GoogleService-Info.plist */ = {isa = PBXFileReference; fileEncoding = 4; lastKnownFileType = text.plist.xml; path = "GoogleService-Info.plist"; sourceTree = "<group>"; };
/* End PBXFileReference section */

/* Begin PBXFrameworksBuildPhase section */
		68AE1E812AF02F5B009AE210 /* Frameworks */ = {
			isa = PBXFrameworksBuildPhase;
			buildActionMask = 2147483647;
			files = (
				68AE1EBE2AF031B5009AE210 /* FirebaseDatabase in Frameworks */,
				68AE1EBC2AF031B5009AE210 /* FirebaseAuth in Frameworks */,
			);
			runOnlyForDeploymentPostprocessing = 0;
		};
		68AE1E972AF02F5D009AE210 /* Frameworks */ = {
			isa = PBXFrameworksBuildPhase;
			buildActionMask = 2147483647;
			files = (
			);
			runOnlyForDeploymentPostprocessing = 0;
		};
		68AE1EA22AF02F5D009AE210 /* Frameworks */ = {
			isa = PBXFrameworksBuildPhase;
			buildActionMask = 2147483647;
			files = (
			);
			runOnlyForDeploymentPostprocessing = 0;
		};
/* End PBXFrameworksBuildPhase section */

/* Begin PBXGroup section */
		68AE1E7B2AF02F5B009AE210 = {
			isa = PBXGroup;
			children = (
				68AE1E862AF02F5B009AE210 /* FirebaseOne */,
				68AE1E9D2AF02F5D009AE210 /* FirebaseOneTests */,
				68AE1EA82AF02F5D009AE210 /* FirebaseOneUITests */,
				68AE1E852AF02F5B009AE210 /* Products */,
			);
			sourceTree = "<group>";
		};
		68AE1E852AF02F5B009AE210 /* Products */ = {
			isa = PBXGroup;
			children = (
				68AE1E842AF02F5B009AE210 /* FirebaseOne.app */,
				68AE1E9A2AF02F5D009AE210 /* FirebaseOneTests.xctest */,
				68AE1EA52AF02F5D009AE210 /* FirebaseOneUITests.xctest */,
			);
			name = Products;
			sourceTree = "<group>";
		};
		68AE1E862AF02F5B009AE210 /* FirebaseOne */ = {
			isa = PBXGroup;
			children = (
				68AE1E872AF02F5B009AE210 /* AppDelegate.swift */,
				68AE1E892AF02F5B009AE210 /* SceneDelegate.swift */,
				68AE1E8B2AF02F5B009AE210 /* ViewController.swift */,
				68AE1E8D2AF02F5B009AE210 /* Main.storyboard */,
				68AE1E902AF02F5D009AE210 /* Assets.xcassets */,
				68AE1E922AF02F5D009AE210 /* LaunchScreen.storyboard */,
				68AE1EC22AF0323D009AE210 /* GoogleService-Info.plist */,
				68AE1E952AF02F5D009AE210 /* Info.plist */,
			);
			path = FirebaseOne;
			sourceTree = "<group>";
		};
		68AE1E9D2AF02F5D009AE210 /* FirebaseOneTests */ = {
			isa = PBXGroup;
			children = (
				68AE1E9E2AF02F5D009AE210 /* FirebaseOneTests.swift */,
				68AE1EA02AF02F5D009AE210 /* Info.plist */,
			);
			path = FirebaseOneTests;
			sourceTree = "<group>";
		};
		68AE1EA82AF02F5D009AE210 /* FirebaseOneUITests */ = {
			isa = PBXGroup;
			children = (
				68AE1EA92AF02F5E009AE210 /* FirebaseOneUITests.swift */,
				68AE1EAB2AF02F5E009AE210 /* Info.plist */,
			);
			path = FirebaseOneUITests;
			sourceTree = "<group>";
		};
/* End PBXGroup section */

/* Begin PBXNativeTarget section */
		68AE1E832AF02F5B009AE210 /* FirebaseOne */ = {
			isa = PBXNativeTarget;
			buildConfigurationList = 68AE1EAE2AF02F5E009AE210 /* Build configuration list for PBXNativeTarget "FirebaseOne" */;
			buildPhases = (
				68AE1E802AF02F5B009AE210 /* Sources */,
				68AE1E812AF02F5B009AE210 /* Frameworks */,
				68AE1E822AF02F5B009AE210 /* Resources */,
			);
			buildRules = (
			);
			dependencies = (
			);
			name = FirebaseOne;
			packageProductDependencies = (
				68AE1EBB2AF031B5009AE210 /* FirebaseAuth */,
				68AE1EBD2AF031B5009AE210 /* FirebaseDatabase */,
			);
			productName = FirebaseOne;
			productReference = 68AE1E842AF02F5B009AE210 /* FirebaseOne.app */;
			productType = "com.apple.product-type.application";
		};
		68AE1E992AF02F5D009AE210 /* FirebaseOneTests */ = {
			isa = PBXNativeTarget;
			buildConfigurationList = 68AE1EB12AF02F5E009AE210 /* Build configuration list for PBXNativeTarget "FirebaseOneTests" */;
			buildPhases = (
				68AE1E962AF02F5D009AE210 /* Sources */,
				68AE1E972AF02F5D009AE210 /* Frameworks */,
				68AE1E982AF02F5D009AE210 /* Resources */,
			);
			buildRules = (
			);
			dependencies = (
				68AE1E9C2AF02F5D009AE210 /* PBXTargetDependency */,
			);
			name = FirebaseOneTests;
			productName = FirebaseOneTests;
			productReference = 68AE1E9A2AF02F5D009AE210 /* FirebaseOneTests.xctest */;
			productType = "com.apple.product-type.bundle.unit-test";
		};
		68AE1EA42AF02F5D009AE210 /* FirebaseOneUITests */ = {
			isa = PBXNativeTarget;
			buildConfigurationList = 68AE1EB42AF02F5E009AE210 /* Build configuration list for PBXNativeTarget "FirebaseOneUITests" */;
			buildPhases = (
				68AE1EA12AF02F5D009AE210 /* Sources */,
				68AE1EA22AF02F5D009AE210 /* Frameworks */,
				68AE1EA32AF02F5D009AE210 /* Resources */,
			);
			buildRules = (
			);
			dependencies = (
				68AE1EA72AF02F5D009AE210 /* PBXTargetDependency */,
			);
			name = FirebaseOneUITests;
			productName = FirebaseOneUITests;
			productReference = 68AE1EA52AF02F5D009AE210 /* FirebaseOneUITests.xctest */;
			productType = "com.apple.product-type.bundle.ui-testing";
		};
/* End PBXNativeTarget section */

/* Begin PBXProject section */
		68AE1E7C2AF02F5B009AE210 /* Project object */ = {
			isa = PBXProject;
			attributes = {
				LastSwiftUpdateCheck = 1240;
				LastUpgradeCheck = 1240;
				TargetAttributes = {
					68AE1E832AF02F5B009AE210 = {
						CreatedOnToolsVersion = 12.4;
					};
					68AE1E992AF02F5D009AE210 = {
						CreatedOnToolsVersion = 12.4;
						TestTargetID = 68AE1E832AF02F5B009AE210;
					};
					68AE1EA42AF02F5D009AE210 = {
						CreatedOnToolsVersion = 12.4;
						TestTargetID = 68AE1E832AF02F5B009AE210;
					};
				};
			};
			buildConfigurationList = 68AE1E7F2AF02F5B009AE210 /* Build configuration list for PBXProject "FirebaseOne" */;
			compatibilityVersion = "Xcode 9.3";
			developmentRegion = en;
			hasScannedForEncodings = 0;
			knownRegions = (
				en,
				Base,
			);
			mainGroup = 68AE1E7B2AF02F5B009AE210;
			packageReferences = (
				68AE1EBA2AF031B5009AE210 /* XCRemoteSwiftPackageReference "firebase-ios-sdk" */,
			);
			productRefGroup = 68AE1E852AF02F5B009AE210 /* Products */;
			projectDirPath = "";
			projectRoot = "";
			targets = (
				68AE1E832AF02F5B009AE210 /* FirebaseOne */,
				68AE1E992AF02F5D009AE210 /* FirebaseOneTests */,
				68AE1EA42AF02F5D009AE210 /* FirebaseOneUITests */,
			);
		};
/* End PBXProject section */

/* Begin PBXResourcesBuildPhase section */
		68AE1E822AF02F5B009AE210 /* Resources */ = {
			isa = PBXResourcesBuildPhase;
			buildActionMask = 2147483647;
			files = (
				68AE1EC32AF0323D009AE210 /* GoogleService-Info.plist in Resources */,
				68AE1E942AF02F5D009AE210 /* LaunchScreen.storyboard in Resources */,
				68AE1E912AF02F5D009AE210 /* Assets.xcassets in Resources */,
				68AE1E8F2AF02F5B009AE210 /* Main.storyboard in Resources */,
			);
			runOnlyForDeploymentPostprocessing = 0;
		};
		68AE1E982AF02F5D009AE210 /* Resources */ = {
			isa = PBXResourcesBuildPhase;
			buildActionMask = 2147483647;
			files = (
			);
			runOnlyForDeploymentPostprocessing = 0;
		};
		68AE1EA32AF02F5D009AE210 /* Resources */ = {
			isa = PBXResourcesBuildPhase;
			buildActionMask = 2147483647;
			files = (
			);
			runOnlyForDeploymentPostprocessing = 0;
		};
/* End PBXResourcesBuildPhase section */

/* Begin PBXSourcesBuildPhase section */
		68AE1E802AF02F5B009AE210 /* Sources */ = {
			isa = PBXSourcesBuildPhase;
			buildActionMask = 2147483647;
			files = (
				68AE1E8C2AF02F5B009AE210 /* ViewController.swift in Sources */,
				68AE1E882AF02F5B009AE210 /* AppDelegate.swift in Sources */,
				68AE1E8A2AF02F5B009AE210 /* SceneDelegate.swift in Sources */,
			);
			runOnlyForDeploymentPostprocessing = 0;
		};
		68AE1E962AF02F5D009AE210 /* Sources */ = {
			isa = PBXSourcesBuildPhase;
			buildActionMask = 2147483647;
			files = (
				68AE1E9F2AF02F5D009AE210 /* FirebaseOneTests.swift in Sources */,
			);
			runOnlyForDeploymentPostprocessing = 0;
		};
		68AE1EA12AF02F5D009AE210 /* Sources */ = {
			isa = PBXSourcesBuildPhase;
			buildActionMask = 2147483647;
			files = (
				68AE1EAA2AF02F5E009AE210 /* FirebaseOneUITests.swift in Sources */,
			);
			runOnlyForDeploymentPostprocessing = 0;
		};
/* End PBXSourcesBuildPhase section */

/* Begin PBXTargetDependency section */
		68AE1E9C2AF02F5D009AE210 /* PBXTargetDependency */ = {
			isa = PBXTargetDependency;
			target = 68AE1E832AF02F5B009AE210 /* FirebaseOne */;
			targetProxy = 68AE1E9B2AF02F5D009AE210 /* PBXContainerItemProxy */;
		};
		68AE1EA72AF02F5D009AE210 /* PBXTargetDependency */ = {
			isa = PBXTargetDependency;
			target = 68AE1E832AF02F5B009AE210 /* FirebaseOne */;
			targetProxy = 68AE1EA62AF02F5D009AE210 /* PBXContainerItemProxy */;
		};
/* End PBXTargetDependency section */

/* Begin PBXVariantGroup section */
		68AE1E8D2AF02F5B009AE210 /* Main.storyboard */ = {
			isa = PBXVariantGroup;
			children = (
				68AE1E8E2AF02F5B009AE210 /* Base */,
			);
			name = Main.storyboard;
			sourceTree = "<group>";
		};
		68AE1E922AF02F5D009AE210 /* LaunchScreen.storyboard */ = {
			isa = PBXVariantGroup;
			children = (
				68AE1E932AF02F5D009AE210 /* Base */,
			);
			name = LaunchScreen.storyboard;
			sourceTree = "<group>";
		};
/* End PBXVariantGroup section */

/* Begin XCBuildConfiguration section */
		68AE1EAC2AF02F5E009AE210 /* Debug */ = {
			isa = XCBuildConfiguration;
			buildSettings = {
				ALWAYS_SEARCH_USER_PATHS = NO;
				CLANG_ANALYZER_NONNULL = YES;
				CLANG_ANALYZER_NUMBER_OBJECT_CONVERSION = YES_AGGRESSIVE;
				CLANG_CXX_LANGUAGE_STANDARD = "gnu++14";
				CLANG_CXX_LIBRARY = "libc++";
				CLANG_ENABLE_MODULES = YES;
				CLANG_ENABLE_OBJC_ARC = YES;
				CLANG_ENABLE_OBJC_WEAK = YES;
				CLANG_WARN_BLOCK_CAPTURE_AUTORELEASING = YES;
				CLANG_WARN_BOOL_CONVERSION = YES;
				CLANG_WARN_COMMA = YES;
				CLANG_WARN_CONSTANT_CONVERSION = YES;
				CLANG_WARN_DEPRECATED_OBJC_IMPLEMENTATIONS = YES;
				CLANG_WARN_DIRECT_OBJC_ISA_USAGE = YES_ERROR;
				CLANG_WARN_DOCUMENTATION_COMMENTS = YES;
				CLANG_WARN_EMPTY_BODY = YES;
				CLANG_WARN_ENUM_CONVERSION = YES;
				CLANG_WARN_INFINITE_RECURSION = YES;
				CLANG_WARN_INT_CONVERSION = YES;
				CLANG_WARN_NON_LITERAL_NULL_CONVERSION = YES;
				CLANG_WARN_OBJC_IMPLICIT_RETAIN_SELF = YES;
				CLANG_WARN_OBJC_LITERAL_CONVERSION = YES;
				CLANG_WARN_OBJC_ROOT_CLASS = YES_ERROR;
				CLANG_WARN_QUOTED_INCLUDE_IN_FRAMEWORK_HEADER = YES;
				CLANG_WARN_RANGE_LOOP_ANALYSIS = YES;
				CLANG_WARN_STRICT_PROTOTYPES = YES;
				CLANG_WARN_SUSPICIOUS_MOVE = YES;
				CLANG_WARN_UNGUARDED_AVAILABILITY = YES_AGGRESSIVE;
				CLANG_WARN_UNREACHABLE_CODE = YES;
				CLANG_WARN__DUPLICATE_METHOD_MATCH = YES;
				COPY_PHASE_STRIP = NO;
				DEBUG_INFORMATION_FORMAT = dwarf;
				ENABLE_STRICT_OBJC_MSGSEND = YES;
				ENABLE_TESTABILITY = YES;
				GCC_C_LANGUAGE_STANDARD = gnu11;
				GCC_DYNAMIC_NO_PIC = NO;
				GCC_NO_COMMON_BLOCKS = YES;
				GCC_OPTIMIZATION_LEVEL = 0;
				GCC_PREPROCESSOR_DEFINITIONS = (
					"DEBUG=1",
					"$(inherited)",
				);
				GCC_WARN_64_TO_32_BIT_CONVERSION = YES;
				GCC_WARN_ABOUT_RETURN_TYPE = YES_ERROR;
				GCC_WARN_UNDECLARED_SELECTOR = YES;
				GCC_WARN_UNINITIALIZED_AUTOS = YES_AGGRESSIVE;
				GCC_WARN_UNUSED_FUNCTION = YES;
				GCC_WARN_UNUSED_VARIABLE = YES;
				IPHONEOS_DEPLOYMENT_TARGET = 14.4;
				MTL_ENABLE_DEBUG_INFO = INCLUDE_SOURCE;
				MTL_FAST_MATH = YES;
				ONLY_ACTIVE_ARCH = YES;
				SDKROOT = iphoneos;
				SWIFT_ACTIVE_COMPILATION_CONDITIONS = DEBUG;
				SWIFT_OPTIMIZATION_LEVEL = "-Onone";
			};
			name = Debug;
		};
		68AE1EAD2AF02F5E009AE210 /* Release */ = {
			isa = XCBuildConfiguration;
			buildSettings = {
				ALWAYS_SEARCH_USER_PATHS = NO;
				CLANG_ANALYZER_NONNULL = YES;
				CLANG_ANALYZER_NUMBER_OBJECT_CONVERSION = YES_AGGRESSIVE;
				CLANG_CXX_LANGUAGE_STANDARD = "gnu++14";
				CLANG_CXX_LIBRARY = "libc++";
				CLANG_ENABLE_MODULES = YES;
				CLANG_ENABLE_OBJC_ARC = YES;
				CLANG_ENABLE_OBJC_WEAK = YES;
				CLANG_WARN_BLOCK_CAPTURE_AUTORELEASING = YES;
				CLANG_WARN_BOOL_CONVERSION = YES;
				CLANG_WARN_COMMA = YES;
				CLANG_WARN_CONSTANT_CONVERSION = YES;
				CLANG_WARN_DEPRECATED_OBJC_IMPLEMENTATIONS = YES;
				CLANG_WARN_DIRECT_OBJC_ISA_USAGE = YES_ERROR;
				CLANG_WARN_DOCUMENTATION_COMMENTS = YES;
				CLANG_WARN_EMPTY_BODY = YES;
				CLANG_WARN_ENUM_CONVERSION = YES;
				CLANG_WARN_INFINITE_RECURSION = YES;
				CLANG_WARN_INT_CONVERSION = YES;
				CLANG_WARN_NON_LITERAL_NULL_CONVERSION = YES;
				CLANG_WARN_OBJC_IMPLICIT_RETAIN_SELF = YES;
				CLANG_WARN_OBJC_LITERAL_CONVERSION = YES;
				CLANG_WARN_OBJC_ROOT_CLASS = YES_ERROR;
				CLANG_WARN_QUOTED_INCLUDE_IN_FRAMEWORK_HEADER = YES;
				CLANG_WARN_RANGE_LOOP_ANALYSIS = YES;
				CLANG_WARN_STRICT_PROTOTYPES = YES;
				CLANG_WARN_SUSPICIOUS_MOVE = YES;
				CLANG_WARN_UNGUARDED_AVAILABILITY = YES_AGGRESSIVE;
				CLANG_WARN_UNREACHABLE_CODE = YES;
				CLANG_WARN__DUPLICATE_METHOD_MATCH = YES;
				COPY_PHASE_STRIP = NO;
				DEBUG_INFORMATION_FORMAT = "dwarf-with-dsym";
				ENABLE_NS_ASSERTIONS = NO;
				ENABLE_STRICT_OBJC_MSGSEND = YES;
				GCC_C_LANGUAGE_STANDARD = gnu11;
				GCC_NO_COMMON_BLOCKS = YES;
				GCC_WARN_64_TO_32_BIT_CONVERSION = YES;
				GCC_WARN_ABOUT_RETURN_TYPE = YES_ERROR;
				GCC_WARN_UNDECLARED_SELECTOR = YES;
				GCC_WARN_UNINITIALIZED_AUTOS = YES_AGGRESSIVE;
				GCC_WARN_UNUSED_FUNCTION = YES;
				GCC_WARN_UNUSED_VARIABLE = YES;
				IPHONEOS_DEPLOYMENT_TARGET = 14.4;
				MTL_ENABLE_DEBUG_INFO = NO;
				MTL_FAST_MATH = YES;
				SDKROOT = iphoneos;
				SWIFT_COMPILATION_MODE = wholemodule;
				SWIFT_OPTIMIZATION_LEVEL = "-O";
				VALIDATE_PRODUCT = YES;
			};
			name = Release;
		};
		68AE1EAF2AF02F5E009AE210 /* Debug */ = {
			isa = XCBuildConfiguration;
			buildSettings = {
				ASSETCATALOG_COMPILER_APPICON_NAME = AppIcon;
				ASSETCATALOG_COMPILER_GLOBAL_ACCENT_COLOR_NAME = AccentColor;
				CODE_SIGN_STYLE = Automatic;
				INFOPLIST_FILE = FirebaseOne/Info.plist;
				LD_RUNPATH_SEARCH_PATHS = (
					"$(inherited)",
					"@executable_path/Frameworks",
				);
				PRODUCT_BUNDLE_IDENTIFIER = test.FirebaseOne;
				PRODUCT_NAME = "$(TARGET_NAME)";
				SWIFT_VERSION = 5.0;
				TARGETED_DEVICE_FAMILY = "1,2";
			};
			name = Debug;
		};
		68AE1EB02AF02F5E009AE210 /* Release */ = {
			isa = XCBuildConfiguration;
			buildSettings = {
				ASSETCATALOG_COMPILER_APPICON_NAME = AppIcon;
				ASSETCATALOG_COMPILER_GLOBAL_ACCENT_COLOR_NAME = AccentColor;
				CODE_SIGN_STYLE = Automatic;
				INFOPLIST_FILE = FirebaseOne/Info.plist;
				LD_RUNPATH_SEARCH_PATHS = (
					"$(inherited)",
					"@executable_path/Frameworks",
				);
				PRODUCT_BUNDLE_IDENTIFIER = test.FirebaseOne;
				PRODUCT_NAME = "$(TARGET_NAME)";
				SWIFT_VERSION = 5.0;
				TARGETED_DEVICE_FAMILY = "1,2";
			};
			name = Release;
		};
		68AE1EB22AF02F5E009AE210 /* Debug */ = {
			isa = XCBuildConfiguration;
			buildSettings = {
				ALWAYS_EMBED_SWIFT_STANDARD_LIBRARIES = YES;
				BUNDLE_LOADER = "$(TEST_HOST)";
				CODE_SIGN_STYLE = Automatic;
				INFOPLIST_FILE = FirebaseOneTests/Info.plist;
				IPHONEOS_DEPLOYMENT_TARGET = 14.4;
				LD_RUNPATH_SEARCH_PATHS = (
					"$(inherited)",
					"@executable_path/Frameworks",
					"@loader_path/Frameworks",
				);
				PRODUCT_BUNDLE_IDENTIFIER = test.FirebaseOneTests;
				PRODUCT_NAME = "$(TARGET_NAME)";
				SWIFT_VERSION = 5.0;
				TARGETED_DEVICE_FAMILY = "1,2";
				TEST_HOST = "$(BUILT_PRODUCTS_DIR)/FirebaseOne.app/FirebaseOne";
			};
			name = Debug;
		};
		68AE1EB32AF02F5E009AE210 /* Release */ = {
			isa = XCBuildConfiguration;
			buildSettings = {
				ALWAYS_EMBED_SWIFT_STANDARD_LIBRARIES = YES;
				BUNDLE_LOADER = "$(TEST_HOST)";
				CODE_SIGN_STYLE = Automatic;
				INFOPLIST_FILE = FirebaseOneTests/Info.plist;
				IPHONEOS_DEPLOYMENT_TARGET = 14.4;
				LD_RUNPATH_SEARCH_PATHS = (
					"$(inherited)",
					"@executable_path/Frameworks",
					"@loader_path/Frameworks",
				);
				PRODUCT_BUNDLE_IDENTIFIER = test.FirebaseOneTests;
				PRODUCT_NAME = "$(TARGET_NAME)";
				SWIFT_VERSION = 5.0;
				TARGETED_DEVICE_FAMILY = "1,2";
				TEST_HOST = "$(BUILT_PRODUCTS_DIR)/FirebaseOne.app/FirebaseOne";
			};
			name = Release;
		};
		68AE1EB52AF02F5E009AE210 /* Debug */ = {
			isa = XCBuildConfiguration;
			buildSettings = {
				ALWAYS_EMBED_SWIFT_STANDARD_LIBRARIES = YES;
				CODE_SIGN_STYLE = Automatic;
				INFOPLIST_FILE = FirebaseOneUITests/Info.plist;
				LD_RUNPATH_SEARCH_PATHS = (
					"$(inherited)",
					"@executable_path/Frameworks",
					"@loader_path/Frameworks",
				);
				PRODUCT_BUNDLE_IDENTIFIER = test.FirebaseOneUITests;
				PRODUCT_NAME = "$(TARGET_NAME)";
				SWIFT_VERSION = 5.0;
				TARGETED_DEVICE_FAMILY = "1,2";
				TEST_TARGET_NAME = FirebaseOne;
			};
			name = Debug;
		};
		68AE1EB62AF02F5E009AE210 /* Release */ = {
			isa = XCBuildConfiguration;
			buildSettings = {
				ALWAYS_EMBED_SWIFT_STANDARD_LIBRARIES = YES;
				CODE_SIGN_STYLE = Automatic;
				INFOPLIST_FILE = FirebaseOneUITests/Info.plist;
				LD_RUNPATH_SEARCH_PATHS = (
					"$(inherited)",
					"@executable_path/Frameworks",
					"@loader_path/Frameworks",
				);
				PRODUCT_BUNDLE_IDENTIFIER = test.FirebaseOneUITests;
				PRODUCT_NAME = "$(TARGET_NAME)";
				SWIFT_VERSION = 5.0;
				TARGETED_DEVICE_FAMILY = "1,2";
				TEST_TARGET_NAME = FirebaseOne;
			};
			name = Release;
		};
/* End XCBuildConfiguration section */

/* Begin XCConfigurationList section */
		68AE1E7F2AF02F5B009AE210 /* Build configuration list for PBXProject "FirebaseOne" */ = {
			isa = XCConfigurationList;
			buildConfigurations = (
				68AE1EAC2AF02F5E009AE210 /* Debug */,
				68AE1EAD2AF02F5E009AE210 /* Release */,
			);
			defaultConfigurationIsVisible = 0;
			defaultConfigurationName = Release;
		};
		68AE1EAE2AF02F5E009AE210 /* Build configuration list for PBXNativeTarget "FirebaseOne" */ = {
			isa = XCConfigurationList;
			buildConfigurations = (
				68AE1EAF2AF02F5E009AE210 /* Debug */,
				68AE1EB02AF02F5E009AE210 /* Release */,
			);
			defaultConfigurationIsVisible = 0;
			defaultConfigurationName = Release;
		};
		68AE1EB12AF02F5E009AE210 /* Build configuration list for PBXNativeTarget "FirebaseOneTests" */ = {
			isa = XCConfigurationList;
			buildConfigurations = (
				68AE1EB22AF02F5E009AE210 /* Debug */,
				68AE1EB32AF02F5E009AE210 /* Release */,
			);
			defaultConfigurationIsVisible = 0;
			defaultConfigurationName = Release;
		};
		68AE1EB42AF02F5E009AE210 /* Build configuration list for PBXNativeTarget "FirebaseOneUITests" */ = {
			isa = XCConfigurationList;
			buildConfigurations = (
				68AE1EB52AF02F5E009AE210 /* Debug */,
				68AE1EB62AF02F5E009AE210 /* Release */,
			);
			defaultConfigurationIsVisible = 0;
			defaultConfigurationName = Release;
		};
/* End XCConfigurationList section */

/* Begin XCRemoteSwiftPackageReference section */
		68AE1EBA2AF031B5009AE210 /* XCRemoteSwiftPackageReference "firebase-ios-sdk" */ = {
			isa = XCRemoteSwiftPackageReference;
			repositoryURL = "https://github.com/firebase/firebase-ios-sdk";
			requirement = {
				kind = upToNextMajorVersion;
				minimumVersion = 8.2.0;
			};
		};
/* End XCRemoteSwiftPackageReference section */

/* Begin XCSwiftPackageProductDependency section */
		68AE1EBB2AF031B5009AE210 /* FirebaseAuth */ = {
			isa = XCSwiftPackageProductDependency;
			package = 68AE1EBA2AF031B5009AE210 /* XCRemoteSwiftPackageReference "firebase-ios-sdk" */;
			productName = FirebaseAuth;
		};
		68AE1EBD2AF031B5009AE210 /* FirebaseDatabase */ = {
			isa = XCSwiftPackageProductDependency;
			package = 68AE1EBA2AF031B5009AE210 /* XCRemoteSwiftPackageReference "firebase-ios-sdk" */;
			productName = FirebaseDatabase;
		};
/* End XCSwiftPackageProductDependency section */
	};
	rootObject = 68AE1E7C2AF02F5B009AE210 /* Project object */;
}
